
Microsoft Visual Studio Solution File, Format Version 12.00
# Visual Studio 15
VisualStudioVersion = 15.0.28307.1321
MinimumVisualStudioVersion = 10.0.40219.1
Project("{FAE04EC0-301F-11D3-BF4B-00C04F79EFBC}") = "Campaign.UI", "Campaign.UI\Campaign.UI.csproj", "{F6A6379C-F0E6-4F00-A8FB-9CD401E507C7}"
EndProject
Project("{FAE04EC0-301F-11D3-BF4B-00C04F79EFBC}") = "Campaign.Business", "Campaign.Business\Campaign.Business.csproj", "{5D8AFFD5-2CF4-4D1B-B499-5A5F068CDADB}"
EndProject
Project("{FAE04EC0-301F-11D3-BF4B-00C04F79EFBC}") = "Campaign.Data", "Campaign.Data\Campaign.Data.csproj", "{16DCF4CD-DC69-4C05-96B4-DF1454E40979}"
EndProject
Project("{FAE04EC0-301F-11D3-BF4B-00C04F79EFBC}") = "Campaign.Models", "Campaign.Models\Campaign.Models.csproj", "{1DD52D70-D312-4ED3-B1FC-E0BDEAFC3C81}"
EndProject
Global
	GlobalSection(SolutionConfigurationPlatforms) = preSolution
		Debug|Any CPU = Debug|Any CPU
		Release|Any CPU = Release|Any CPU
	EndGlobalSection
	GlobalSection(ProjectConfigurationPlatforms) = postSolution
		{F6A6379C-F0E6-4F00-A8FB-9CD401E507C7}.Debug|Any CPU.ActiveCfg = Debug|Any CPU
		{F6A6379C-F0E6-4F00-A8FB-9CD401E507C7}.Debug|Any CPU.Build.0 = Debug|Any CPU
		{F6A6379C-F0E6-4F00-A8FB-9CD401E507C7}.Release|Any CPU.ActiveCfg = Release|Any CPU
		{F6A6379C-F0E6-4F00-A8FB-9CD401E507C7}.Release|Any CPU.Build.0 = Release|Any CPU
		{5D8AFFD5-2CF4-4D1B-B499-5A5F068CDADB}.Debug|Any CPU.ActiveCfg = Debug|Any CPU
		{5D8AFFD5-2CF4-4D1B-B499-5A5F068CDADB}.Debug|Any CPU.Build.0 = Debug|Any CPU
		{5D8AFFD5-2CF4-4D1B-B499-5A5F068CDADB}.Release|Any CPU.ActiveCfg = Release|Any CPU
		{5D8AFFD5-2CF4-4D1B-B499-5A5F068CDADB}.Release|Any CPU.Build.0 = Release|Any CPU
		{16DCF4CD-DC69-4C05-96B4-DF1454E40979}.Debug|Any CPU.ActiveCfg = Debug|Any CPU
		{16DCF4CD-DC69-4C05-96B4-DF1454E40979}.Debug|Any CPU.Build.0 = Debug|Any CPU
		{16DCF4CD-DC69-4C05-96B4-DF1454E40979}.Release|Any CPU.ActiveCfg = Release|Any CPU
		{16DCF4CD-DC69-4C05-96B4-DF1454E40979}.Release|Any CPU.Build.0 = Release|Any CPU
		{1DD52D70-D312-4ED3-B1FC-E0BDEAFC3C81}.Debug|Any CPU.ActiveCfg = Debug|Any CPU
		{1DD52D70-D312-4ED3-B1FC-E0BDEAFC3C81}.Debug|Any CPU.Build.0 = Debug|Any CPU
		{1DD52D70-D312-4ED3-B1FC-E0BDEAFC3C81}.Release|Any CPU.ActiveCfg = Release|Any CPU
		{1DD52D70-D312-4ED3-B1FC-E0BDEAFC3C81}.Release|Any CPU.Build.0 = Release|Any CPU
	EndGlobalSection
	GlobalSection(SolutionProperties) = preSolution
		HideSolutionNode = FALSE
	EndGlobalSection
	GlobalSection(ExtensibilityGlobals) = postSolution
		SolutionGuid = {9915D901-7C41-496C-9667-5DCEBD9E50AC}
	EndGlobalSection
EndGlobal
